
Microsoft Visual Studio Solution File, Format Version 12.00
# Visual Studio 2012
Project("{FAE04EC0-301F-11D3-BF4B-00C04F79EFBC}") = "BankingApplication", "BankingApplication\BankingApplication.csproj", "{3EA6A023-CF84-4536-AB72-558C144CEEBB}"
EndProject
Global
	GlobalSection(SolutionConfigurationPlatforms) = preSolution
		Debug|Any CPU = Debug|Any CPU
		Release|Any CPU = Release|Any CPU
	EndGlobalSection
	GlobalSection(ProjectConfigurationPlatforms) = postSolution
		{3EA6A023-CF84-4536-AB72-558C144CEEBB}.Debug|Any CPU.ActiveCfg = Debug|Any CPU
		{3EA6A023-CF84-4536-AB72-558C144CEEBB}.Debug|Any CPU.Build.0 = Debug|Any CPU
		{3EA6A023-CF84-4536-AB72-558C144CEEBB}.Release|Any CPU.ActiveCfg = Release|Any CPU
		{3EA6A023-CF84-4536-AB72-558C144CEEBB}.Release|Any CPU.Build.0 = Release|Any CPU
	EndGlobalSection
	GlobalSection(SolutionProperties) = preSolution
		HideSolutionNode = FALSE
	EndGlobalSection
EndGlobal
